
Microsoft Visual Studio Solution File, Format Version 12.00
# Visual Studio Version 17
VisualStudioVersion = 17.8.34525.116
MinimumVisualStudioVersion = 10.0.40219.1
Project("{FAE04EC0-301F-11D3-BF4B-00C04F79EFBC}") = "Black Jack", "Black Jack\Black Jack.csproj", "{3E117B8D-9DCE-4FC9-A3FD-D3FBE9D2965D}"
EndProject
Global
	GlobalSection(SolutionConfigurationPlatforms) = preSolution
		Debug|Any CPU = Debug|Any CPU
		Release|Any CPU = Release|Any CPU
	EndGlobalSection
	GlobalSection(ProjectConfigurationPlatforms) = postSolution
		{3E117B8D-9DCE-4FC9-A3FD-D3FBE9D2965D}.Debug|Any CPU.ActiveCfg = Debug|Any CPU
		{3E117B8D-9DCE-4FC9-A3FD-D3FBE9D2965D}.Debug|Any CPU.Build.0 = Debug|Any CPU
		{3E117B8D-9DCE-4FC9-A3FD-D3FBE9D2965D}.Release|Any CPU.ActiveCfg = Release|Any CPU
		{3E117B8D-9DCE-4FC9-A3FD-D3FBE9D2965D}.Release|Any CPU.Build.0 = Release|Any CPU
	EndGlobalSection
	GlobalSection(SolutionProperties) = preSolution
		HideSolutionNode = FALSE
	EndGlobalSection
	GlobalSection(ExtensibilityGlobals) = postSolution
		SolutionGuid = {44246DC4-C16D-4B98-97DD-D7F182FAB604}
	EndGlobalSection
EndGlobal
